{
  "name": "whatsapp-automation",
  "version": "1.0.0",
  "lockfileVersion": 3,
  "requires": true,
  "packages": {
    "": {
      "name": "whatsapp-automation",
      "version": "1.0.0",
      "dependencies": {
        "express": "^4.19.2",
        "qrcode": "^1.5.4",
        "socket.io": "^4.8.1",
        "whatsapp-web.js": "^1.26.0"
      }
    },
    "node_modules/express": {
      "version": "4.21.2"
    },
    "node_modules/qrcode": {
      "version": "1.5.4"
    },
    "node_modules/socket.io": {
      "version": "4.8.1"
    },
    "node_modules/whatsapp-web.js": {
      "version": "1.26.0"
    }
  }
}
